{
  "requires": true,
  "lockfileVersion": 1,
  "dependencies": {
    "dom7": {
      "version": "2.0.1",
      "resolved": "http://registry.npm.taobao.org/dom7/download/dom7-2.0.1.tgz",
      "integrity": "sha1-qKLIAs8XwgsFHZQUFDBhRyIBojM="
    },
    "framework7": {
      "version": "2.0.6",
      "resolved": "http://registry.npm.taobao.org/framework7/download/framework7-2.0.6.tgz",
      "integrity": "sha1-MNaoBCwK4tK3V7hWMzxDp9KQWMA=",
      "requires": {
        "dom7": "2.0.1",
        "path-to-regexp": "2.1.0",
        "template7": "1.3.1"
      }
    },
    "framework7-vue": {
      "version": "2.0.0",
      "resolved": "http://registry.npm.taobao.org/framework7-vue/download/framework7-vue-2.0.0.tgz",
      "integrity": "sha1-httIn6cpHZ0lpHBAkgz9TTYhhsc="
    },
    "path-to-regexp": {
      "version": "2.1.0",
      "resolved": "http://registry.npm.taobao.org/path-to-regexp/download/path-to-regexp-2.1.0.tgz",
      "integrity": "sha1-fjD59bE0vWoo/8Lj7x5HB1rFJZs="
    },
    "template7": {
      "version": "1.3.1",
      "resolved": "http://registry.npm.taobao.org/template7/download/template7-1.3.1.tgz",
      "integrity": "sha1-8B7t9yZl832fTbc3tAJWY9nTmRY="
    }
  }
}
